// !$*UTF8*$!
{
	archiveVersion = 1;
	classes = {
	};
	objectVersion = 46;
	objects = {

/* Begin PBXBuildFile section */
		C4D55ECD1F4C603A00544898 /* AppDelegate.swift in Sources */ = {isa = PBXBuildFile; fileRef = C4D55ECC1F4C603A00544898 /* AppDelegate.swift */; };
		C4D55ECF1F4C603A00544898 /* ViewController.swift in Sources */ = {isa = PBXBuildFile; fileRef = C4D55ECE1F4C603A00544898 /* ViewController.swift */; };
		C4D55ED21F4C603A00544898 /* Main.storyboard in Resources */ = {isa = PBXBuildFile; fileRef = C4D55ED01F4C603A00544898 /* Main.storyboard */; };
		C4D55ED41F4C603A00544898 /* Assets.xcassets in Resources */ = {isa = PBXBuildFile; fileRef = C4D55ED31F4C603A00544898 /* Assets.xcassets */; };
		C4D55ED71F4C603A00544898 /* LaunchScreen.storyboard in Resources */ = {isa = PBXBuildFile; fileRef = C4D55ED51F4C603A00544898 /* LaunchScreen.storyboard */; };
/* End PBXBuildFile section */

/* Begin PBXFileReference section */
		C4D55EC91F4C603A00544898 /* shakeGesture.app */ = {isa = PBXFileReference; explicitFileType = wrapper.application; includeInIndex = 0; path = shakeGesture.app; sourceTree = BUILT_PRODUCTS_DIR; };
		C4D55ECC1F4C603A00544898 /* AppDelegate.swift */ = {isa = PBXFileReference; lastKnownFileType = sourcecode.swift; path = AppDelegate.swift; sourceTree = "<group>"; };
		C4D55ECE1F4C603A00544898 /* ViewController.swift */ = {isa = PBXFileReference; lastKnownFileType = sourcecode.swift; path = ViewController.swift; sourceTree = "<group>"; };
		C4D55ED11F4C603A00544898 /* Base */ = {isa = PBXFileReference; lastKnownFileType = file.storyboard; name = Base; path = Base.lproj/Main.storyboard; sourceTree = "<group>"; };
		C4D55ED31F4C603A00544898 /* Assets.xcassets */ = {isa = PBXFileReference; lastKnownFileType = folder.assetcatalog; path = Assets.xcassets; sourceTree = "<group>"; };
		C4D55ED61F4C603A00544898 /* Base */ = {isa = PBXFileReference; lastKnownFileType = file.storyboard; name = Base; path = Base.lproj/LaunchScreen.storyboard; sourceTree = "<group>"; };
		C4D55ED81F4C603A00544898 /* Info.plist */ = {isa = PBXFileReference; lastKnownFileType = text.plist.xml; path = Info.plist; sourceTree = "<group>"; };
/* End PBXFileReference section */

/* Begin PBXFrameworksBuildPhase section */
		C4D55EC61F4C603A00544898 /* Frameworks */ = {
			isa = PBXFrameworksBuildPhase;
			buildActionMask = 2147483647;
			files = (
			);
			runOnlyForDeploymentPostprocessing = 0;
		};
/* End PBXFrameworksBuildPhase section */

/* Begin PBXGroup section */
		C4D55EC01F4C603A00544898 = {
			isa = PBXGroup;
			children = (
				C4D55ECB1F4C603A00544898 /* shakeGesture */,
				C4D55ECA1F4C603A00544898 /* Products */,
			);
			sourceTree = "<group>";
		};
		C4D55ECA1F4C603A00544898 /* Products */ = {
			isa = PBXGroup;
			children = (
				C4D55EC91F4C603A00544898 /* shakeGesture.app */,
			);
			name = Products;
			sourceTree = "<group>";
		};
		C4D55ECB1F4C603A00544898 /* shakeGesture */ = {
			isa = PBXGroup;
			children = (
				C4D55ECC1F4C603A00544898 /* AppDelegate.swift */,
				C4D55ECE1F4C603A00544898 /* ViewController.swift */,
				C4D55ED01F4C603A00544898 /* Main.storyboard */,
				C4D55ED31F4C603A00544898 /* Assets.xcassets */,
				C4D55ED51F4C603A00544898 /* LaunchScreen.storyboard */,
				C4D55ED81F4C603A00544898 /* Info.plist */,
			);
			path = shakeGesture;
			sourceTree = "<group>";
		};
/* End PBXGroup section */

/* Begin PBXNativeTarget section */
		C4D55EC81F4C603A00544898 /* shakeGesture */ = {
			isa = PBXNativeTarget;
			buildConfigurationList = C4D55EDB1F4C603A00544898 /* Build configuration list for PBXNativeTarget "shakeGesture" */;
			buildPhases = (
				C4D55EC51F4C603A00544898 /* Sources */,
				C4D55EC61F4C603A00544898 /* Frameworks */,
				C4D55EC71F4C603A00544898 /* Resources */,
			);
			buildRules = (
			);
			dependencies = (
			);
			name = shakeGesture;
			productName = shakeGesture;
			productReference = C4D55EC91F4C603A00544898 /* shakeGesture.app */;
			productType = "com.apple.product-type.application";
		};
/* End PBXNativeTarget section */

/* Begin PBXProject section */
		C4D55EC11F4C603A00544898 /* Project object */ = {
			isa = PBXProject;
			attributes = {
				LastSwiftUpdateCheck = 0830;
				LastUpgradeCheck = 0830;
				ORGANIZATIONNAME = "Renato Degiovanni";
				TargetAttributes = {
					C4D55EC81F4C603A00544898 = {
						CreatedOnToolsVersion = 8.3.3;
						ProvisioningStyle = Automatic;
					};
				};
			};
			buildConfigurationList = C4D55EC41F4C603A00544898 /* Build configuration list for PBXProject "shakeGesture" */;
			compatibilityVersion = "Xcode 3.2";
			developmentRegion = English;
			hasScannedForEncodings = 0;
			knownRegions = (
				en,
				Base,
			);
			mainGroup = C4D55EC01F4C603A00544898;
			productRefGroup = C4D55ECA1F4C603A00544898 /* Products */;
			projectDirPath = "";
			projectRoot = "";
			targets = (
				C4D55EC81F4C603A00544898 /* shakeGesture */,
			);
		};
/* End PBXProject section */

/* Begin PBXResourcesBuildPhase section */
		C4D55EC71F4C603A00544898 /* Resources */ = {
			isa = PBXResourcesBuildPhase;
			buildActionMask = 2147483647;
			files = (
				C4D55ED71F4C603A00544898 /* LaunchScreen.storyboard in Resources */,
				C4D55ED41F4C603A00544898 /* Assets.xcassets in Resources */,
				C4D55ED21F4C603A00544898 /* Main.storyboard in Resources */,
			);
			runOnlyForDeploymentPostprocessing = 0;
		};
/* End PBXResourcesBuildPhase section */

/* Begin PBXSourcesBuildPhase section */
		C4D55EC51F4C603A00544898 /* Sources */ = {
			isa = PBXSourcesBuildPhase;
			buildActionMask = 2147483647;
			files = (
				C4D55ECF1F4C603A00544898 /* ViewController.swift in Sources */,
				C4D55ECD1F4C603A00544898 /* AppDelegate.swift in Sources */,
			);
			runOnlyForDeploymentPostprocessing = 0;
		};
/* End PBXSourcesBuildPhase section */

/* Begin PBXVariantGroup section */
		C4D55ED01F4C603A00544898 /* Main.storyboard */ = {
			isa = PBXVariantGroup;
			children = (
				C4D55ED11F4C603A00544898 /* Base */,
			);
			name = Main.storyboard;
			sourceTree = "<group>";
		};
		C4D55ED51F4C603A00544898 /* LaunchScreen.storyboard */ = {
			isa = PBXVariantGroup;
			children = (
				C4D55ED61F4C603A00544898 /* Base */,
			);
			name = LaunchScreen.storyboard;
			sourceTree = "<group>";
		};
/* End PBXVariantGroup section */

/* Begin XCBuildConfiguration section */
		C4D55ED91F4C603A00544898 /* Debug */ = {
			isa = XCBuildConfiguration;
			buildSettings = {
				ALWAYS_SEARCH_USER_PATHS = NO;
				CLANG_ANALYZER_NONNULL = YES;
				CLANG_ANALYZER_NUMBER_OBJECT_CONVERSION = YES_AGGRESSIVE;
				CLANG_CXX_LANGUAGE_STANDARD = "gnu++0x";
				CLANG_CXX_LIBRARY = "libc++";
				CLANG_ENABLE_MODULES = YES;
				CLANG_ENABLE_OBJC_ARC = YES;
				CLANG_WARN_BOOL_CONVERSION = YES;
				CLANG_WARN_CONSTANT_CONVERSION = YES;
				CLANG_WARN_DIRECT_OBJC_ISA_USAGE = YES_ERROR;
				CLANG_WARN_DOCUMENTATION_COMMENTS = YES;
				CLANG_WARN_EMPTY_BODY = YES;
				CLANG_WARN_ENUM_CONVERSION = YES;
				CLANG_WARN_INFINITE_RECURSION = YES;
				CLANG_WARN_INT_CONVERSION = YES;
				CLANG_WARN_OBJC_ROOT_CLASS = YES_ERROR;
				CLANG_WARN_SUSPICIOUS_MOVE = YES;
				CLANG_WARN_UNREACHABLE_CODE = YES;
				CLANG_WARN__DUPLICATE_METHOD_MATCH = YES;
				"CODE_SIGN_IDENTITY[sdk=iphoneos*]" = "iPhone Developer";
				COPY_PHASE_STRIP = NO;
				DEBUG_INFORMATION_FORMAT = dwarf;
				ENABLE_STRICT_OBJC_MSGSEND = YES;
				ENABLE_TESTABILITY = YES;
				GCC_C_LANGUAGE_STANDARD = gnu99;
				GCC_DYNAMIC_NO_PIC = NO;
				GCC_NO_COMMON_BLOCKS = YES;
				GCC_OPTIMIZATION_LEVEL = 0;
				GCC_PREPROCESSOR_DEFINITIONS = (
					"DEBUG=1",
					"$(inherited)",
				);
				GCC_WARN_64_TO_32_BIT_CONVERSION = YES;
				GCC_WARN_ABOUT_RETURN_TYPE = YES_ERROR;
				GCC_WARN_UNDECLARED_SELECTOR = YES;
				GCC_WARN_UNINITIALIZED_AUTOS = YES_AGGRESSIVE;
				GCC_WARN_UNUSED_FUNCTION = YES;
				GCC_WARN_UNUSED_VARIABLE = YES;
				IPHONEOS_DEPLOYMENT_TARGET = 10.3;
				MTL_ENABLE_DEBUG_INFO = YES;
				ONLY_ACTIVE_ARCH = YES;
				SDKROOT = iphoneos;
				SWIFT_ACTIVE_COMPILATION_CONDITIONS = DEBUG;
				SWIFT_OPTIMIZATION_LEVEL = "-Onone";
			};
			name = Debug;
		};
		C4D55EDA1F4C603A00544898 /* Release */ = {
			isa = XCBuildConfiguration;
			buildSettings = {
				ALWAYS_SEARCH_USER_PATHS = NO;
				CLANG_ANALYZER_NONNULL = YES;
				CLANG_ANALYZER_NUMBER_OBJECT_CONVERSION = YES_AGGRESSIVE;
				CLANG_CXX_LANGUAGE_STANDARD = "gnu++0x";
				CLANG_CXX_LIBRARY = "libc++";
				CLANG_ENABLE_MODULES = YES;
				CLANG_ENABLE_OBJC_ARC = YES;
				CLANG_WARN_BOOL_CONVERSION = YES;
				CLANG_WARN_CONSTANT_CONVERSION = YES;
				CLANG_WARN_DIRECT_OBJC_ISA_USAGE = YES_ERROR;
				CLANG_WARN_DOCUMENTATION_COMMENTS = YES;
				CLANG_WARN_EMPTY_BODY = YES;
				CLANG_WARN_ENUM_CONVERSION = YES;
				CLANG_WARN_INFINITE_RECURSION = YES;
				CLANG_WARN_INT_CONVERSION = YES;
				CLANG_WARN_OBJC_ROOT_CLASS = YES_ERROR;
				CLANG_WARN_SUSPICIOUS_MOVE = YES;
				CLANG_WARN_UNREACHABLE_CODE = YES;
				CLANG_WARN__DUPLICATE_METHOD_MATCH = YES;
				"CODE_SIGN_IDENTITY[sdk=iphoneos*]" = "iPhone Developer";
				COPY_PHASE_STRIP = NO;
				DEBUG_INFORMATION_FORMAT = "dwarf-with-dsym";
				ENABLE_NS_ASSERTIONS = NO;
				ENABLE_STRICT_OBJC_MSGSEND = YES;
				GCC_C_LANGUAGE_STANDARD = gnu99;
				GCC_NO_COMMON_BLOCKS = YES;
				GCC_WARN_64_TO_32_BIT_CONVERSION = YES;
				GCC_WARN_ABOUT_RETURN_TYPE = YES_ERROR;
				GCC_WARN_UNDECLARED_SELECTOR = YES;
				GCC_WARN_UNINITIALIZED_AUTOS = YES_AGGRESSIVE;
				GCC_WARN_UNUSED_FUNCTION = YES;
				GCC_WARN_UNUSED_VARIABLE = YES;
				IPHONEOS_DEPLOYMENT_TARGET = 10.3;
				MTL_ENABLE_DEBUG_INFO = NO;
				SDKROOT = iphoneos;
				SWIFT_OPTIMIZATION_LEVEL = "-Owholemodule";
				VALIDATE_PRODUCT = YES;
			};
			name = Release;
		};
		C4D55EDC1F4C603A00544898 /* Debug */ = {
			isa = XCBuildConfiguration;
			buildSettings = {
				ASSETCATALOG_COMPILER_APPICON_NAME = AppIcon;
				INFOPLIST_FILE = shakeGesture/Info.plist;
				LD_RUNPATH_SEARCH_PATHS = "$(inherited) @executable_path/Frameworks";
				PRODUCT_BUNDLE_IDENTIFIER = "Renato-Degiovanni.shakeGesture";
				PRODUCT_NAME = "$(TARGET_NAME)";
				SWIFT_VERSION = 3.0;
			};
			name = Debug;
		};
		C4D55EDD1F4C603A00544898 /* Release */ = {
			isa = XCBuildConfiguration;
			buildSettings = {
				ASSETCATALOG_COMPILER_APPICON_NAME = AppIcon;
				INFOPLIST_FILE = shakeGesture/Info.plist;
				LD_RUNPATH_SEARCH_PATHS = "$(inherited) @executable_path/Frameworks";
				PRODUCT_BUNDLE_IDENTIFIER = "Renato-Degiovanni.shakeGesture";
				PRODUCT_NAME = "$(TARGET_NAME)";
				SWIFT_VERSION = 3.0;
			};
			name = Release;
		};
/* End XCBuildConfiguration section */

/* Begin XCConfigurationList section */
		C4D55EC41F4C603A00544898 /* Build configuration list for PBXProject "shakeGesture" */ = {
			isa = XCConfigurationList;
			buildConfigurations = (
				C4D55ED91F4C603A00544898 /* Debug */,
				C4D55EDA1F4C603A00544898 /* Release */,
			);
			defaultConfigurationIsVisible = 0;
			defaultConfigurationName = Release;
		};
		C4D55EDB1F4C603A00544898 /* Build configuration list for PBXNativeTarget "shakeGesture" */ = {
			isa = XCConfigurationList;
			buildConfigurations = (
				C4D55EDC1F4C603A00544898 /* Debug */,
				C4D55EDD1F4C603A00544898 /* Release */,
			);
			defaultConfigurationIsVisible = 0;
		};
/* End XCConfigurationList section */
	};
	rootObject = C4D55EC11F4C603A00544898 /* Project object */;
}
